
Microsoft Visual Studio Solution File, Format Version 12.00
# Visual Studio Version 17
VisualStudioVersion = 17.10.34928.147
MinimumVisualStudioVersion = 10.0.40219.1
Project("{9A19103F-16F7-4668-BE54-9A1E7A4F7556}") = "PracticeAPI", "PracticeAPI\PracticeAPI.csproj", "{FEB053E7-8FDF-48E9-9D53-B3593B72CCF2}"
EndProject
Global
	GlobalSection(SolutionConfigurationPlatforms) = preSolution
		Debug|Any CPU = Debug|Any CPU
		Release|Any CPU = Release|Any CPU
	EndGlobalSection
	GlobalSection(ProjectConfigurationPlatforms) = postSolution
		{FEB053E7-8FDF-48E9-9D53-B3593B72CCF2}.Debug|Any CPU.ActiveCfg = Debug|Any CPU
		{FEB053E7-8FDF-48E9-9D53-B3593B72CCF2}.Debug|Any CPU.Build.0 = Debug|Any CPU
		{FEB053E7-8FDF-48E9-9D53-B3593B72CCF2}.Release|Any CPU.ActiveCfg = Release|Any CPU
		{FEB053E7-8FDF-48E9-9D53-B3593B72CCF2}.Release|Any CPU.Build.0 = Release|Any CPU
	EndGlobalSection
	GlobalSection(SolutionProperties) = preSolution
		HideSolutionNode = FALSE
	EndGlobalSection
	GlobalSection(ExtensibilityGlobals) = postSolution
		SolutionGuid = {C4F194B0-84F2-4B69-B76C-37D1965F9B69}
	EndGlobalSection
EndGlobal
